
Microsoft Visual Studio Solution File, Format Version 10.00
# Visual Studio 2008
Project("{8BC9CEB8-8B4A-11D0-8D11-00A0C91BC942}") = "player_helper", "player_helper\player_helper.vcproj", "{5CBB21E4-D3DD-4F72-AA65-BAF9BA300142}"
	ProjectSection(ProjectDependencies) = postProject
		{1F71555E-8F6E-4929-B425-04E006387F07} = {1F71555E-8F6E-4929-B425-04E006387F07}
		{C5D922B8-C79B-496F-9FF7-DF7156D51990} = {C5D922B8-C79B-496F-9FF7-DF7156D51990}
	EndProjectSection
EndProject
Project("{8BC9CEB8-8B4A-11D0-8D11-00A0C91BC942}") = "modstest", "modstest\modstest.vcproj", "{6B464AB5-0336-4751-8874-9EA4BCAB2D7E}"
	ProjectSection(ProjectDependencies) = postProject
		{1F71555E-8F6E-4929-B425-04E006387F07} = {1F71555E-8F6E-4929-B425-04E006387F07}
		{C5D922B8-C79B-496F-9FF7-DF7156D51990} = {C5D922B8-C79B-496F-9FF7-DF7156D51990}
	EndProjectSection
EndProject
Project("{8BC9CEB8-8B4A-11D0-8D11-00A0C91BC942}") = "libUtils", "libUtils\libUtils.vcproj", "{1F71555E-8F6E-4929-B425-04E006387F07}"
	ProjectSection(ProjectDependencies) = postProject
		{C5D922B8-C79B-496F-9FF7-DF7156D51990} = {C5D922B8-C79B-496F-9FF7-DF7156D51990}
	EndProjectSection
EndProject
Project("{8BC9CEB8-8B4A-11D0-8D11-00A0C91BC942}") = "VideoRenderer", "VideoRenderer\VideoRenderer.vcproj", "{61171C79-4A09-4C9F-B300-507A26DC1539}"
	ProjectSection(ProjectDependencies) = postProject
		{1F71555E-8F6E-4929-B425-04E006387F07} = {1F71555E-8F6E-4929-B425-04E006387F07}
		{C5D922B8-C79B-496F-9FF7-DF7156D51990} = {C5D922B8-C79B-496F-9FF7-DF7156D51990}
		{459481D8-85A7-47DD-86DC-FA9B05D330A3} = {459481D8-85A7-47DD-86DC-FA9B05D330A3}
	EndProjectSection
EndProject
Project("{8BC9CEB8-8B4A-11D0-8D11-00A0C91BC942}") = "SecureConnection", "SecureConnection\SecureConnection.vcproj", "{459481D8-85A7-47DD-86DC-FA9B05D330A3}"
EndProject
Project("{8BC9CEB8-8B4A-11D0-8D11-00A0C91BC942}") = "DummyVideoRenderer", "DummyVideoRenderer\DummyVideoRenderer.vcproj", "{AADD89BF-42ED-4CA4-805A-C8FFE6AF4E16}"
	ProjectSection(ProjectDependencies) = postProject
		{1F71555E-8F6E-4929-B425-04E006387F07} = {1F71555E-8F6E-4929-B425-04E006387F07}
		{459481D8-85A7-47DD-86DC-FA9B05D330A3} = {459481D8-85A7-47DD-86DC-FA9B05D330A3}
	EndProjectSection
EndProject
Project("{8BC9CEB8-8B4A-11D0-8D11-00A0C91BC942}") = "mp4demux", "mp4demux\mp4demux.vcproj", "{1276D053-ABC6-4D2B-B89B-07FE401FEAD7}"
	ProjectSection(ProjectDependencies) = postProject
		{1F71555E-8F6E-4929-B425-04E006387F07} = {1F71555E-8F6E-4929-B425-04E006387F07}
		{24E97CA5-D04C-49DF-A608-70A4217575DA} = {24E97CA5-D04C-49DF-A608-70A4217575DA}
	EndProjectSection
EndProject
Project("{8BC9CEB8-8B4A-11D0-8D11-00A0C91BC942}") = "avidmx", "avidmx\avidmx.vcproj", "{1276D053-ABC6-4D2B-B89B-07FE401FEAE7}"
	ProjectSection(ProjectDependencies) = postProject
		{1F71555E-8F6E-4929-B425-04E006387F07} = {1F71555E-8F6E-4929-B425-04E006387F07}
		{24E97CA5-D04C-49DF-A608-70A4217575DA} = {24E97CA5-D04C-49DF-A608-70A4217575DA}
	EndProjectSection
EndProject
Project("{8BC9CEB8-8B4A-11D0-8D11-00A0C91BC942}") = "libDemux", "libDemux\libDemux.vcproj", "{24E97CA5-D04C-49DF-A608-70A4217575DA}"
	ProjectSection(ProjectDependencies) = postProject
		{1F71555E-8F6E-4929-B425-04E006387F07} = {1F71555E-8F6E-4929-B425-04E006387F07}
	EndProjectSection
EndProject
Project("{8BC9CEB8-8B4A-11D0-8D11-00A0C91BC942}") = "playwnd", "playwnd\playwnd.vcproj", "{11B40D66-C298-445A-84C2-5258AC51530E}"
	ProjectSection(ProjectDependencies) = postProject
		{AD10D026-29AA-47DF-A279-5361DE9AD0E7} = {AD10D026-29AA-47DF-A279-5361DE9AD0E7}
		{1276D053-ABC6-4D2B-B89B-07FE401FEAD7} = {1276D053-ABC6-4D2B-B89B-07FE401FEAD7}
		{1276D053-ABC6-4D2B-B89B-07FE401FEAE7} = {1276D053-ABC6-4D2B-B89B-07FE401FEAE7}
		{1276D053-ABC6-4D2B-B89B-07FE401FEAEA} = {1276D053-ABC6-4D2B-B89B-07FE401FEAEA}
		{1276D053-ABC6-4D2B-B89B-07FE401FEAEB} = {1276D053-ABC6-4D2B-B89B-07FE401FEAEB}
		{1F71555E-8F6E-4929-B425-04E006387F07} = {1F71555E-8F6E-4929-B425-04E006387F07}
		{61171C79-4A09-4C9F-B300-507A26DC1539} = {61171C79-4A09-4C9F-B300-507A26DC1539}
		{622D15FB-B089-49C8-837F-1176B1933EAC} = {622D15FB-B089-49C8-837F-1176B1933EAC}
	EndProjectSection
EndProject
Project("{8BC9CEB8-8B4A-11D0-8D11-00A0C91BC942}") = "ac3decfilter", "ac3decfilter\ac3decfilter.vcproj", "{1276D053-ABC6-4D2B-B89B-07FE401FEAEA}"
	ProjectSection(ProjectDependencies) = postProject
		{1F71555E-8F6E-4929-B425-04E006387F07} = {1F71555E-8F6E-4929-B425-04E006387F07}
		{24E97CA5-D04C-49DF-A608-70A4217575DA} = {24E97CA5-D04C-49DF-A608-70A4217575DA}
	EndProjectSection
EndProject
Project("{8BC9CEB8-8B4A-11D0-8D11-00A0C91BC942}") = "aacdecfilter", "aacdecfilter\aacdecfilter.vcproj", "{1276D053-ABC6-4D2B-B89B-07FE401FEAEB}"
	ProjectSection(ProjectDependencies) = postProject
		{1F71555E-8F6E-4929-B425-04E006387F07} = {1F71555E-8F6E-4929-B425-04E006387F07}
		{24E97CA5-D04C-49DF-A608-70A4217575DA} = {24E97CA5-D04C-49DF-A608-70A4217575DA}
	EndProjectSection
EndProject
Project("{8BC9CEB8-8B4A-11D0-8D11-00A0C91BC942}") = "CmnDLL", "CmnDLL\CmnDLL.vcproj", "{C5D922B8-C79B-496F-9FF7-DF7156D51990}"
EndProject
Project("{8BC9CEB8-8B4A-11D0-8D11-00A0C91BC942}") = "USBTags", "USBTags\USBTags.vcproj", "{CD9FFE95-A900-4D43-9208-110299B98EBC}"
	ProjectSection(ProjectDependencies) = postProject
		{1F71555E-8F6E-4929-B425-04E006387F07} = {1F71555E-8F6E-4929-B425-04E006387F07}
		{C5D922B8-C79B-496F-9FF7-DF7156D51990} = {C5D922B8-C79B-496F-9FF7-DF7156D51990}
	EndProjectSection
EndProject
Project("{8BC9CEB8-8B4A-11D0-8D11-00A0C91BC942}") = "KSA_driver", "KSA_driver\KSA_driver.vcproj", "{396CB1FE-30A8-4A46-ADB3-60F772E98DFB}"
	ProjectSection(ProjectDependencies) = postProject
		{1F71555E-8F6E-4929-B425-04E006387F07} = {1F71555E-8F6E-4929-B425-04E006387F07}
	EndProjectSection
EndProject
Project("{8BC9CEB8-8B4A-11D0-8D11-00A0C91BC942}") = "mp3decfilter", "mp3decfilter\mp3decfilter.vcproj", "{622D15FB-B089-49C8-837F-1176B1933EAC}"
	ProjectSection(ProjectDependencies) = postProject
		{1F71555E-8F6E-4929-B425-04E006387F07} = {1F71555E-8F6E-4929-B425-04E006387F07}
		{24E97CA5-D04C-49DF-A608-70A4217575DA} = {24E97CA5-D04C-49DF-A608-70A4217575DA}
	EndProjectSection
EndProject
Project("{8BC9CEB8-8B4A-11D0-8D11-00A0C91BC942}") = "mp3demux", "mp3demux\mp3demux.vcproj", "{AD10D026-29AA-47DF-A279-5361DE9AD0E7}"
	ProjectSection(ProjectDependencies) = postProject
		{1F71555E-8F6E-4929-B425-04E006387F07} = {1F71555E-8F6E-4929-B425-04E006387F07}
		{24E97CA5-D04C-49DF-A608-70A4217575DA} = {24E97CA5-D04C-49DF-A608-70A4217575DA}
	EndProjectSection
EndProject
Project("{8BC9CEB8-8B4A-11D0-8D11-00A0C91BC942}") = "appmaingui", "appmaingui\appmaingui.vcproj", "{8747E69E-F617-4A47-9B28-499B02901DCD}"
	ProjectSection(ProjectDependencies) = postProject
		{1F71555E-8F6E-4929-B425-04E006387F07} = {1F71555E-8F6E-4929-B425-04E006387F07}
		{C5D922B8-C79B-496F-9FF7-DF7156D51990} = {C5D922B8-C79B-496F-9FF7-DF7156D51990}
	EndProjectSection
EndProject
Project("{8BC9CEB8-8B4A-11D0-8D11-00A0C91BC942}") = "compat", "compat\compat.vcproj", "{91ADA5B8-9E74-4659-8139-3CDAE8CDAC0F}"
	ProjectSection(ProjectDependencies) = postProject
		{1F71555E-8F6E-4929-B425-04E006387F07} = {1F71555E-8F6E-4929-B425-04E006387F07}
	EndProjectSection
EndProject
Global
	GlobalSection(SolutionConfigurationPlatforms) = preSolution
		Debug|DbAu13xx (MIPSII) = Debug|DbAu13xx (MIPSII)
		Public-release|DbAu13xx (MIPSII) = Public-release|DbAu13xx (MIPSII)
		Release|DbAu13xx (MIPSII) = Release|DbAu13xx (MIPSII)
	EndGlobalSection
	GlobalSection(ProjectConfigurationPlatforms) = postSolution
		{5CBB21E4-D3DD-4F72-AA65-BAF9BA300142}.Debug|DbAu13xx (MIPSII).ActiveCfg = Debug|DbAu13xx (MIPSII)
		{5CBB21E4-D3DD-4F72-AA65-BAF9BA300142}.Debug|DbAu13xx (MIPSII).Build.0 = Debug|DbAu13xx (MIPSII)
		{5CBB21E4-D3DD-4F72-AA65-BAF9BA300142}.Debug|DbAu13xx (MIPSII).Deploy.0 = Debug|DbAu13xx (MIPSII)
		{5CBB21E4-D3DD-4F72-AA65-BAF9BA300142}.Public-release|DbAu13xx (MIPSII).ActiveCfg = Public-release|DbAu13xx (MIPSII)
		{5CBB21E4-D3DD-4F72-AA65-BAF9BA300142}.Public-release|DbAu13xx (MIPSII).Build.0 = Public-release|DbAu13xx (MIPSII)
		{5CBB21E4-D3DD-4F72-AA65-BAF9BA300142}.Public-release|DbAu13xx (MIPSII).Deploy.0 = Public-release|DbAu13xx (MIPSII)
		{5CBB21E4-D3DD-4F72-AA65-BAF9BA300142}.Release|DbAu13xx (MIPSII).ActiveCfg = Release|DbAu13xx (MIPSII)
		{5CBB21E4-D3DD-4F72-AA65-BAF9BA300142}.Release|DbAu13xx (MIPSII).Build.0 = Release|DbAu13xx (MIPSII)
		{5CBB21E4-D3DD-4F72-AA65-BAF9BA300142}.Release|DbAu13xx (MIPSII).Deploy.0 = Release|DbAu13xx (MIPSII)
		{6B464AB5-0336-4751-8874-9EA4BCAB2D7E}.Debug|DbAu13xx (MIPSII).ActiveCfg = Debug|DbAu13xx (MIPSII)
		{6B464AB5-0336-4751-8874-9EA4BCAB2D7E}.Debug|DbAu13xx (MIPSII).Build.0 = Debug|DbAu13xx (MIPSII)
		{6B464AB5-0336-4751-8874-9EA4BCAB2D7E}.Debug|DbAu13xx (MIPSII).Deploy.0 = Debug|DbAu13xx (MIPSII)
		{6B464AB5-0336-4751-8874-9EA4BCAB2D7E}.Public-release|DbAu13xx (MIPSII).ActiveCfg = Public-release|DbAu13xx (MIPSII)
		{6B464AB5-0336-4751-8874-9EA4BCAB2D7E}.Public-release|DbAu13xx (MIPSII).Build.0 = Public-release|DbAu13xx (MIPSII)
		{6B464AB5-0336-4751-8874-9EA4BCAB2D7E}.Public-release|DbAu13xx (MIPSII).Deploy.0 = Public-release|DbAu13xx (MIPSII)
		{6B464AB5-0336-4751-8874-9EA4BCAB2D7E}.Release|DbAu13xx (MIPSII).ActiveCfg = Release|DbAu13xx (MIPSII)
		{6B464AB5-0336-4751-8874-9EA4BCAB2D7E}.Release|DbAu13xx (MIPSII).Build.0 = Release|DbAu13xx (MIPSII)
		{6B464AB5-0336-4751-8874-9EA4BCAB2D7E}.Release|DbAu13xx (MIPSII).Deploy.0 = Release|DbAu13xx (MIPSII)
		{1F71555E-8F6E-4929-B425-04E006387F07}.Debug|DbAu13xx (MIPSII).ActiveCfg = Debug|DbAu13xx (MIPSII)
		{1F71555E-8F6E-4929-B425-04E006387F07}.Debug|DbAu13xx (MIPSII).Build.0 = Debug|DbAu13xx (MIPSII)
		{1F71555E-8F6E-4929-B425-04E006387F07}.Debug|DbAu13xx (MIPSII).Deploy.0 = Debug|DbAu13xx (MIPSII)
		{1F71555E-8F6E-4929-B425-04E006387F07}.Public-release|DbAu13xx (MIPSII).ActiveCfg = Public-release|DbAu13xx (MIPSII)
		{1F71555E-8F6E-4929-B425-04E006387F07}.Public-release|DbAu13xx (MIPSII).Build.0 = Public-release|DbAu13xx (MIPSII)
		{1F71555E-8F6E-4929-B425-04E006387F07}.Public-release|DbAu13xx (MIPSII).Deploy.0 = Public-release|DbAu13xx (MIPSII)
		{1F71555E-8F6E-4929-B425-04E006387F07}.Release|DbAu13xx (MIPSII).ActiveCfg = Release|DbAu13xx (MIPSII)
		{1F71555E-8F6E-4929-B425-04E006387F07}.Release|DbAu13xx (MIPSII).Build.0 = Release|DbAu13xx (MIPSII)
		{1F71555E-8F6E-4929-B425-04E006387F07}.Release|DbAu13xx (MIPSII).Deploy.0 = Release|DbAu13xx (MIPSII)
		{61171C79-4A09-4C9F-B300-507A26DC1539}.Debug|DbAu13xx (MIPSII).ActiveCfg = Debug|DbAu13xx (MIPSII)
		{61171C79-4A09-4C9F-B300-507A26DC1539}.Debug|DbAu13xx (MIPSII).Build.0 = Debug|DbAu13xx (MIPSII)
		{61171C79-4A09-4C9F-B300-507A26DC1539}.Debug|DbAu13xx (MIPSII).Deploy.0 = Debug|DbAu13xx (MIPSII)
		{61171C79-4A09-4C9F-B300-507A26DC1539}.Public-release|DbAu13xx (MIPSII).ActiveCfg = Public-release|DbAu13xx (MIPSII)
		{61171C79-4A09-4C9F-B300-507A26DC1539}.Public-release|DbAu13xx (MIPSII).Build.0 = Public-release|DbAu13xx (MIPSII)
		{61171C79-4A09-4C9F-B300-507A26DC1539}.Public-release|DbAu13xx (MIPSII).Deploy.0 = Public-release|DbAu13xx (MIPSII)
		{61171C79-4A09-4C9F-B300-507A26DC1539}.Release|DbAu13xx (MIPSII).ActiveCfg = Release|DbAu13xx (MIPSII)
		{61171C79-4A09-4C9F-B300-507A26DC1539}.Release|DbAu13xx (MIPSII).Build.0 = Release|DbAu13xx (MIPSII)
		{61171C79-4A09-4C9F-B300-507A26DC1539}.Release|DbAu13xx (MIPSII).Deploy.0 = Release|DbAu13xx (MIPSII)
		{459481D8-85A7-47DD-86DC-FA9B05D330A3}.Debug|DbAu13xx (MIPSII).ActiveCfg = Debug|DbAu13xx (MIPSII)
		{459481D8-85A7-47DD-86DC-FA9B05D330A3}.Debug|DbAu13xx (MIPSII).Build.0 = Debug|DbAu13xx (MIPSII)
		{459481D8-85A7-47DD-86DC-FA9B05D330A3}.Debug|DbAu13xx (MIPSII).Deploy.0 = Debug|DbAu13xx (MIPSII)
		{459481D8-85A7-47DD-86DC-FA9B05D330A3}.Public-release|DbAu13xx (MIPSII).ActiveCfg = Public-release|DbAu13xx (MIPSII)
		{459481D8-85A7-47DD-86DC-FA9B05D330A3}.Public-release|DbAu13xx (MIPSII).Build.0 = Public-release|DbAu13xx (MIPSII)
		{459481D8-85A7-47DD-86DC-FA9B05D330A3}.Public-release|DbAu13xx (MIPSII).Deploy.0 = Public-release|DbAu13xx (MIPSII)
		{459481D8-85A7-47DD-86DC-FA9B05D330A3}.Release|DbAu13xx (MIPSII).ActiveCfg = Release|DbAu13xx (MIPSII)
		{459481D8-85A7-47DD-86DC-FA9B05D330A3}.Release|DbAu13xx (MIPSII).Build.0 = Release|DbAu13xx (MIPSII)
		{459481D8-85A7-47DD-86DC-FA9B05D330A3}.Release|DbAu13xx (MIPSII).Deploy.0 = Release|DbAu13xx (MIPSII)
		{AADD89BF-42ED-4CA4-805A-C8FFE6AF4E16}.Debug|DbAu13xx (MIPSII).ActiveCfg = Debug|DbAu13xx (MIPSII)
		{AADD89BF-42ED-4CA4-805A-C8FFE6AF4E16}.Debug|DbAu13xx (MIPSII).Build.0 = Debug|DbAu13xx (MIPSII)
		{AADD89BF-42ED-4CA4-805A-C8FFE6AF4E16}.Debug|DbAu13xx (MIPSII).Deploy.0 = Debug|DbAu13xx (MIPSII)
		{AADD89BF-42ED-4CA4-805A-C8FFE6AF4E16}.Public-release|DbAu13xx (MIPSII).ActiveCfg = Release|Win32
		{AADD89BF-42ED-4CA4-805A-C8FFE6AF4E16}.Release|DbAu13xx (MIPSII).ActiveCfg = Release|DbAu13xx (MIPSII)
		{AADD89BF-42ED-4CA4-805A-C8FFE6AF4E16}.Release|DbAu13xx (MIPSII).Build.0 = Release|DbAu13xx (MIPSII)
		{AADD89BF-42ED-4CA4-805A-C8FFE6AF4E16}.Release|DbAu13xx (MIPSII).Deploy.0 = Release|DbAu13xx (MIPSII)
		{1276D053-ABC6-4D2B-B89B-07FE401FEAD7}.Debug|DbAu13xx (MIPSII).ActiveCfg = Debug|DbAu13xx (MIPSII)
		{1276D053-ABC6-4D2B-B89B-07FE401FEAD7}.Debug|DbAu13xx (MIPSII).Build.0 = Debug|DbAu13xx (MIPSII)
		{1276D053-ABC6-4D2B-B89B-07FE401FEAD7}.Debug|DbAu13xx (MIPSII).Deploy.0 = Debug|DbAu13xx (MIPSII)
		{1276D053-ABC6-4D2B-B89B-07FE401FEAD7}.Public-release|DbAu13xx (MIPSII).ActiveCfg = Public-release|DbAu13xx (MIPSII)
		{1276D053-ABC6-4D2B-B89B-07FE401FEAD7}.Public-release|DbAu13xx (MIPSII).Build.0 = Public-release|DbAu13xx (MIPSII)
		{1276D053-ABC6-4D2B-B89B-07FE401FEAD7}.Public-release|DbAu13xx (MIPSII).Deploy.0 = Public-release|DbAu13xx (MIPSII)
		{1276D053-ABC6-4D2B-B89B-07FE401FEAD7}.Release|DbAu13xx (MIPSII).ActiveCfg = Release|DbAu13xx (MIPSII)
		{1276D053-ABC6-4D2B-B89B-07FE401FEAD7}.Release|DbAu13xx (MIPSII).Build.0 = Release|DbAu13xx (MIPSII)
		{1276D053-ABC6-4D2B-B89B-07FE401FEAD7}.Release|DbAu13xx (MIPSII).Deploy.0 = Release|DbAu13xx (MIPSII)
		{1276D053-ABC6-4D2B-B89B-07FE401FEAE7}.Debug|DbAu13xx (MIPSII).ActiveCfg = Debug|DbAu13xx (MIPSII)
		{1276D053-ABC6-4D2B-B89B-07FE401FEAE7}.Debug|DbAu13xx (MIPSII).Build.0 = Debug|DbAu13xx (MIPSII)
		{1276D053-ABC6-4D2B-B89B-07FE401FEAE7}.Debug|DbAu13xx (MIPSII).Deploy.0 = Debug|DbAu13xx (MIPSII)
		{1276D053-ABC6-4D2B-B89B-07FE401FEAE7}.Public-release|DbAu13xx (MIPSII).ActiveCfg = Public-release|DbAu13xx (MIPSII)
		{1276D053-ABC6-4D2B-B89B-07FE401FEAE7}.Public-release|DbAu13xx (MIPSII).Build.0 = Public-release|DbAu13xx (MIPSII)
		{1276D053-ABC6-4D2B-B89B-07FE401FEAE7}.Public-release|DbAu13xx (MIPSII).Deploy.0 = Public-release|DbAu13xx (MIPSII)
		{1276D053-ABC6-4D2B-B89B-07FE401FEAE7}.Release|DbAu13xx (MIPSII).ActiveCfg = Release|DbAu13xx (MIPSII)
		{1276D053-ABC6-4D2B-B89B-07FE401FEAE7}.Release|DbAu13xx (MIPSII).Build.0 = Release|DbAu13xx (MIPSII)
		{1276D053-ABC6-4D2B-B89B-07FE401FEAE7}.Release|DbAu13xx (MIPSII).Deploy.0 = Release|DbAu13xx (MIPSII)
		{24E97CA5-D04C-49DF-A608-70A4217575DA}.Debug|DbAu13xx (MIPSII).ActiveCfg = Debug|DbAu13xx (MIPSII)
		{24E97CA5-D04C-49DF-A608-70A4217575DA}.Debug|DbAu13xx (MIPSII).Build.0 = Debug|DbAu13xx (MIPSII)
		{24E97CA5-D04C-49DF-A608-70A4217575DA}.Debug|DbAu13xx (MIPSII).Deploy.0 = Debug|DbAu13xx (MIPSII)
		{24E97CA5-D04C-49DF-A608-70A4217575DA}.Public-release|DbAu13xx (MIPSII).ActiveCfg = Public-release|DbAu13xx (MIPSII)
		{24E97CA5-D04C-49DF-A608-70A4217575DA}.Public-release|DbAu13xx (MIPSII).Build.0 = Public-release|DbAu13xx (MIPSII)
		{24E97CA5-D04C-49DF-A608-70A4217575DA}.Public-release|DbAu13xx (MIPSII).Deploy.0 = Public-release|DbAu13xx (MIPSII)
		{24E97CA5-D04C-49DF-A608-70A4217575DA}.Release|DbAu13xx (MIPSII).ActiveCfg = Release|DbAu13xx (MIPSII)
		{24E97CA5-D04C-49DF-A608-70A4217575DA}.Release|DbAu13xx (MIPSII).Build.0 = Release|DbAu13xx (MIPSII)
		{24E97CA5-D04C-49DF-A608-70A4217575DA}.Release|DbAu13xx (MIPSII).Deploy.0 = Release|DbAu13xx (MIPSII)
		{11B40D66-C298-445A-84C2-5258AC51530E}.Debug|DbAu13xx (MIPSII).ActiveCfg = Debug|DbAu13xx (MIPSII)
		{11B40D66-C298-445A-84C2-5258AC51530E}.Debug|DbAu13xx (MIPSII).Build.0 = Debug|DbAu13xx (MIPSII)
		{11B40D66-C298-445A-84C2-5258AC51530E}.Debug|DbAu13xx (MIPSII).Deploy.0 = Debug|DbAu13xx (MIPSII)
		{11B40D66-C298-445A-84C2-5258AC51530E}.Public-release|DbAu13xx (MIPSII).ActiveCfg = Public-release|DbAu13xx (MIPSII)
		{11B40D66-C298-445A-84C2-5258AC51530E}.Public-release|DbAu13xx (MIPSII).Build.0 = Public-release|DbAu13xx (MIPSII)
		{11B40D66-C298-445A-84C2-5258AC51530E}.Public-release|DbAu13xx (MIPSII).Deploy.0 = Public-release|DbAu13xx (MIPSII)
		{11B40D66-C298-445A-84C2-5258AC51530E}.Release|DbAu13xx (MIPSII).ActiveCfg = Release|DbAu13xx (MIPSII)
		{11B40D66-C298-445A-84C2-5258AC51530E}.Release|DbAu13xx (MIPSII).Build.0 = Release|DbAu13xx (MIPSII)
		{11B40D66-C298-445A-84C2-5258AC51530E}.Release|DbAu13xx (MIPSII).Deploy.0 = Release|DbAu13xx (MIPSII)
		{1276D053-ABC6-4D2B-B89B-07FE401FEAEA}.Debug|DbAu13xx (MIPSII).ActiveCfg = Debug|DbAu13xx (MIPSII)
		{1276D053-ABC6-4D2B-B89B-07FE401FEAEA}.Debug|DbAu13xx (MIPSII).Build.0 = Debug|DbAu13xx (MIPSII)
		{1276D053-ABC6-4D2B-B89B-07FE401FEAEA}.Debug|DbAu13xx (MIPSII).Deploy.0 = Debug|DbAu13xx (MIPSII)
		{1276D053-ABC6-4D2B-B89B-07FE401FEAEA}.Public-release|DbAu13xx (MIPSII).ActiveCfg = Public-release|DbAu13xx (MIPSII)
		{1276D053-ABC6-4D2B-B89B-07FE401FEAEA}.Public-release|DbAu13xx (MIPSII).Build.0 = Public-release|DbAu13xx (MIPSII)
		{1276D053-ABC6-4D2B-B89B-07FE401FEAEA}.Public-release|DbAu13xx (MIPSII).Deploy.0 = Public-release|DbAu13xx (MIPSII)
		{1276D053-ABC6-4D2B-B89B-07FE401FEAEA}.Release|DbAu13xx (MIPSII).ActiveCfg = Release|DbAu13xx (MIPSII)
		{1276D053-ABC6-4D2B-B89B-07FE401FEAEA}.Release|DbAu13xx (MIPSII).Build.0 = Release|DbAu13xx (MIPSII)
		{1276D053-ABC6-4D2B-B89B-07FE401FEAEA}.Release|DbAu13xx (MIPSII).Deploy.0 = Release|DbAu13xx (MIPSII)
		{1276D053-ABC6-4D2B-B89B-07FE401FEAEB}.Debug|DbAu13xx (MIPSII).ActiveCfg = Debug|DbAu13xx (MIPSII)
		{1276D053-ABC6-4D2B-B89B-07FE401FEAEB}.Debug|DbAu13xx (MIPSII).Build.0 = Debug|DbAu13xx (MIPSII)
		{1276D053-ABC6-4D2B-B89B-07FE401FEAEB}.Debug|DbAu13xx (MIPSII).Deploy.0 = Debug|DbAu13xx (MIPSII)
		{1276D053-ABC6-4D2B-B89B-07FE401FEAEB}.Public-release|DbAu13xx (MIPSII).ActiveCfg = Public-release|DbAu13xx (MIPSII)
		{1276D053-ABC6-4D2B-B89B-07FE401FEAEB}.Public-release|DbAu13xx (MIPSII).Build.0 = Public-release|DbAu13xx (MIPSII)
		{1276D053-ABC6-4D2B-B89B-07FE401FEAEB}.Public-release|DbAu13xx (MIPSII).Deploy.0 = Public-release|DbAu13xx (MIPSII)
		{1276D053-ABC6-4D2B-B89B-07FE401FEAEB}.Release|DbAu13xx (MIPSII).ActiveCfg = Release|DbAu13xx (MIPSII)
		{1276D053-ABC6-4D2B-B89B-07FE401FEAEB}.Release|DbAu13xx (MIPSII).Build.0 = Release|DbAu13xx (MIPSII)
		{1276D053-ABC6-4D2B-B89B-07FE401FEAEB}.Release|DbAu13xx (MIPSII).Deploy.0 = Release|DbAu13xx (MIPSII)
		{C5D922B8-C79B-496F-9FF7-DF7156D51990}.Debug|DbAu13xx (MIPSII).ActiveCfg = Debug|DbAu13xx (MIPSII)
		{C5D922B8-C79B-496F-9FF7-DF7156D51990}.Debug|DbAu13xx (MIPSII).Build.0 = Debug|DbAu13xx (MIPSII)
		{C5D922B8-C79B-496F-9FF7-DF7156D51990}.Public-release|DbAu13xx (MIPSII).ActiveCfg = Public-release|DbAu13xx (MIPSII)
		{C5D922B8-C79B-496F-9FF7-DF7156D51990}.Public-release|DbAu13xx (MIPSII).Build.0 = Public-release|DbAu13xx (MIPSII)
		{C5D922B8-C79B-496F-9FF7-DF7156D51990}.Public-release|DbAu13xx (MIPSII).Deploy.0 = Public-release|DbAu13xx (MIPSII)
		{C5D922B8-C79B-496F-9FF7-DF7156D51990}.Release|DbAu13xx (MIPSII).ActiveCfg = Release|DbAu13xx (MIPSII)
		{C5D922B8-C79B-496F-9FF7-DF7156D51990}.Release|DbAu13xx (MIPSII).Build.0 = Release|DbAu13xx (MIPSII)
		{CD9FFE95-A900-4D43-9208-110299B98EBC}.Debug|DbAu13xx (MIPSII).ActiveCfg = Debug|DbAu13xx (MIPSII)
		{CD9FFE95-A900-4D43-9208-110299B98EBC}.Debug|DbAu13xx (MIPSII).Build.0 = Debug|DbAu13xx (MIPSII)
		{CD9FFE95-A900-4D43-9208-110299B98EBC}.Debug|DbAu13xx (MIPSII).Deploy.0 = Debug|DbAu13xx (MIPSII)
		{CD9FFE95-A900-4D43-9208-110299B98EBC}.Public-release|DbAu13xx (MIPSII).ActiveCfg = Public-release|DbAu13xx (MIPSII)
		{CD9FFE95-A900-4D43-9208-110299B98EBC}.Public-release|DbAu13xx (MIPSII).Build.0 = Public-release|DbAu13xx (MIPSII)
		{CD9FFE95-A900-4D43-9208-110299B98EBC}.Public-release|DbAu13xx (MIPSII).Deploy.0 = Public-release|DbAu13xx (MIPSII)
		{CD9FFE95-A900-4D43-9208-110299B98EBC}.Release|DbAu13xx (MIPSII).ActiveCfg = Release|DbAu13xx (MIPSII)
		{CD9FFE95-A900-4D43-9208-110299B98EBC}.Release|DbAu13xx (MIPSII).Build.0 = Release|DbAu13xx (MIPSII)
		{CD9FFE95-A900-4D43-9208-110299B98EBC}.Release|DbAu13xx (MIPSII).Deploy.0 = Release|DbAu13xx (MIPSII)
		{396CB1FE-30A8-4A46-ADB3-60F772E98DFB}.Debug|DbAu13xx (MIPSII).ActiveCfg = Debug|DbAu13xx (MIPSII)
		{396CB1FE-30A8-4A46-ADB3-60F772E98DFB}.Debug|DbAu13xx (MIPSII).Build.0 = Debug|DbAu13xx (MIPSII)
		{396CB1FE-30A8-4A46-ADB3-60F772E98DFB}.Debug|DbAu13xx (MIPSII).Deploy.0 = Debug|DbAu13xx (MIPSII)
		{396CB1FE-30A8-4A46-ADB3-60F772E98DFB}.Public-release|DbAu13xx (MIPSII).ActiveCfg = Public-release|DbAu13xx (MIPSII)
		{396CB1FE-30A8-4A46-ADB3-60F772E98DFB}.Public-release|DbAu13xx (MIPSII).Build.0 = Public-release|DbAu13xx (MIPSII)
		{396CB1FE-30A8-4A46-ADB3-60F772E98DFB}.Public-release|DbAu13xx (MIPSII).Deploy.0 = Public-release|DbAu13xx (MIPSII)
		{396CB1FE-30A8-4A46-ADB3-60F772E98DFB}.Release|DbAu13xx (MIPSII).ActiveCfg = Release|DbAu13xx (MIPSII)
		{396CB1FE-30A8-4A46-ADB3-60F772E98DFB}.Release|DbAu13xx (MIPSII).Build.0 = Release|DbAu13xx (MIPSII)
		{396CB1FE-30A8-4A46-ADB3-60F772E98DFB}.Release|DbAu13xx (MIPSII).Deploy.0 = Release|DbAu13xx (MIPSII)
		{622D15FB-B089-49C8-837F-1176B1933EAC}.Debug|DbAu13xx (MIPSII).ActiveCfg = Debug|DbAu13xx (MIPSII)
		{622D15FB-B089-49C8-837F-1176B1933EAC}.Debug|DbAu13xx (MIPSII).Build.0 = Debug|DbAu13xx (MIPSII)
		{622D15FB-B089-49C8-837F-1176B1933EAC}.Debug|DbAu13xx (MIPSII).Deploy.0 = Debug|DbAu13xx (MIPSII)
		{622D15FB-B089-49C8-837F-1176B1933EAC}.Public-release|DbAu13xx (MIPSII).ActiveCfg = Public-release|DbAu13xx (MIPSII)
		{622D15FB-B089-49C8-837F-1176B1933EAC}.Public-release|DbAu13xx (MIPSII).Build.0 = Public-release|DbAu13xx (MIPSII)
		{622D15FB-B089-49C8-837F-1176B1933EAC}.Public-release|DbAu13xx (MIPSII).Deploy.0 = Public-release|DbAu13xx (MIPSII)
		{622D15FB-B089-49C8-837F-1176B1933EAC}.Release|DbAu13xx (MIPSII).ActiveCfg = Release|DbAu13xx (MIPSII)
		{622D15FB-B089-49C8-837F-1176B1933EAC}.Release|DbAu13xx (MIPSII).Build.0 = Release|DbAu13xx (MIPSII)
		{622D15FB-B089-49C8-837F-1176B1933EAC}.Release|DbAu13xx (MIPSII).Deploy.0 = Release|DbAu13xx (MIPSII)
		{AD10D026-29AA-47DF-A279-5361DE9AD0E7}.Debug|DbAu13xx (MIPSII).ActiveCfg = Debug|DbAu13xx (MIPSII)
		{AD10D026-29AA-47DF-A279-5361DE9AD0E7}.Debug|DbAu13xx (MIPSII).Build.0 = Debug|DbAu13xx (MIPSII)
		{AD10D026-29AA-47DF-A279-5361DE9AD0E7}.Debug|DbAu13xx (MIPSII).Deploy.0 = Debug|DbAu13xx (MIPSII)
		{AD10D026-29AA-47DF-A279-5361DE9AD0E7}.Public-release|DbAu13xx (MIPSII).ActiveCfg = Public-release|DbAu13xx (MIPSII)
		{AD10D026-29AA-47DF-A279-5361DE9AD0E7}.Public-release|DbAu13xx (MIPSII).Build.0 = Public-release|DbAu13xx (MIPSII)
		{AD10D026-29AA-47DF-A279-5361DE9AD0E7}.Public-release|DbAu13xx (MIPSII).Deploy.0 = Public-release|DbAu13xx (MIPSII)
		{AD10D026-29AA-47DF-A279-5361DE9AD0E7}.Release|DbAu13xx (MIPSII).ActiveCfg = Release|DbAu13xx (MIPSII)
		{AD10D026-29AA-47DF-A279-5361DE9AD0E7}.Release|DbAu13xx (MIPSII).Build.0 = Release|DbAu13xx (MIPSII)
		{AD10D026-29AA-47DF-A279-5361DE9AD0E7}.Release|DbAu13xx (MIPSII).Deploy.0 = Release|DbAu13xx (MIPSII)
		{8747E69E-F617-4A47-9B28-499B02901DCD}.Debug|DbAu13xx (MIPSII).ActiveCfg = Debug|DbAu13xx (MIPSII)
		{8747E69E-F617-4A47-9B28-499B02901DCD}.Debug|DbAu13xx (MIPSII).Build.0 = Debug|DbAu13xx (MIPSII)
		{8747E69E-F617-4A47-9B28-499B02901DCD}.Debug|DbAu13xx (MIPSII).Deploy.0 = Debug|DbAu13xx (MIPSII)
		{8747E69E-F617-4A47-9B28-499B02901DCD}.Public-release|DbAu13xx (MIPSII).ActiveCfg = Public-release|DbAu13xx (MIPSII)
		{8747E69E-F617-4A47-9B28-499B02901DCD}.Public-release|DbAu13xx (MIPSII).Build.0 = Public-release|DbAu13xx (MIPSII)
		{8747E69E-F617-4A47-9B28-499B02901DCD}.Public-release|DbAu13xx (MIPSII).Deploy.0 = Public-release|DbAu13xx (MIPSII)
		{8747E69E-F617-4A47-9B28-499B02901DCD}.Release|DbAu13xx (MIPSII).ActiveCfg = Release|DbAu13xx (MIPSII)
		{8747E69E-F617-4A47-9B28-499B02901DCD}.Release|DbAu13xx (MIPSII).Build.0 = Release|DbAu13xx (MIPSII)
		{8747E69E-F617-4A47-9B28-499B02901DCD}.Release|DbAu13xx (MIPSII).Deploy.0 = Release|DbAu13xx (MIPSII)
		{91ADA5B8-9E74-4659-8139-3CDAE8CDAC0F}.Debug|DbAu13xx (MIPSII).ActiveCfg = Debug|DbAu13xx (MIPSII)
		{91ADA5B8-9E74-4659-8139-3CDAE8CDAC0F}.Debug|DbAu13xx (MIPSII).Build.0 = Debug|DbAu13xx (MIPSII)
		{91ADA5B8-9E74-4659-8139-3CDAE8CDAC0F}.Debug|DbAu13xx (MIPSII).Deploy.0 = Debug|DbAu13xx (MIPSII)
		{91ADA5B8-9E74-4659-8139-3CDAE8CDAC0F}.Public-release|DbAu13xx (MIPSII).ActiveCfg = Public-release|DbAu13xx (MIPSII)
		{91ADA5B8-9E74-4659-8139-3CDAE8CDAC0F}.Public-release|DbAu13xx (MIPSII).Build.0 = Public-release|DbAu13xx (MIPSII)
		{91ADA5B8-9E74-4659-8139-3CDAE8CDAC0F}.Public-release|DbAu13xx (MIPSII).Deploy.0 = Public-release|DbAu13xx (MIPSII)
		{91ADA5B8-9E74-4659-8139-3CDAE8CDAC0F}.Release|DbAu13xx (MIPSII).ActiveCfg = Release|DbAu13xx (MIPSII)
		{91ADA5B8-9E74-4659-8139-3CDAE8CDAC0F}.Release|DbAu13xx (MIPSII).Build.0 = Release|DbAu13xx (MIPSII)
		{91ADA5B8-9E74-4659-8139-3CDAE8CDAC0F}.Release|DbAu13xx (MIPSII).Deploy.0 = Release|DbAu13xx (MIPSII)
	EndGlobalSection
	GlobalSection(SolutionProperties) = preSolution
		HideSolutionNode = FALSE
	EndGlobalSection
EndGlobal
