
Microsoft Visual Studio Solution File, Format Version 10.00
# Visual Studio 2008
Project("{8BC9CEB8-8B4A-11D0-8D11-00A0C91BC942}") = "player_helper", "player_helper\player_helper.vcproj", "{5CBB21E4-D3DD-4F72-AA65-BAF9BA300142}"
	ProjectSection(ProjectDependencies) = postProject
		{1F71555E-8F6E-4929-B425-04E006387F07} = {1F71555E-8F6E-4929-B425-04E006387F07}
	EndProjectSection
EndProject
Project("{8BC9CEB8-8B4A-11D0-8D11-00A0C91BC942}") = "modstest", "modstest\modstest.vcproj", "{6B464AB5-0336-4751-8874-9EA4BCAB2D7E}"
	ProjectSection(ProjectDependencies) = postProject
		{1F71555E-8F6E-4929-B425-04E006387F07} = {1F71555E-8F6E-4929-B425-04E006387F07}
		{5CBB21E4-D3DD-4F72-AA65-BAF9BA300142} = {5CBB21E4-D3DD-4F72-AA65-BAF9BA300142}
	EndProjectSection
EndProject
Project("{8BC9CEB8-8B4A-11D0-8D11-00A0C91BC942}") = "libUtils", "libUtils\libUtils.vcproj", "{1F71555E-8F6E-4929-B425-04E006387F07}"
EndProject
Project("{8BC9CEB8-8B4A-11D0-8D11-00A0C91BC942}") = "VideoRenderer", "VideoRenderer\VideoRenderer.vcproj", "{61171C79-4A09-4C9F-B300-507A26DC1539}"
	ProjectSection(ProjectDependencies) = postProject
		{1F71555E-8F6E-4929-B425-04E006387F07} = {1F71555E-8F6E-4929-B425-04E006387F07}
		{459481D8-85A7-47DD-86DC-FA9B05D330A3} = {459481D8-85A7-47DD-86DC-FA9B05D330A3}
	EndProjectSection
EndProject
Project("{8BC9CEB8-8B4A-11D0-8D11-00A0C91BC942}") = "SecureConnection", "SecureConnection\SecureConnection.vcproj", "{459481D8-85A7-47DD-86DC-FA9B05D330A3}"
EndProject
Project("{8BC9CEB8-8B4A-11D0-8D11-00A0C91BC942}") = "DummyVideoRenderer", "DummyVideoRenderer\DummyVideoRenderer.vcproj", "{AADD89BF-42ED-4CA4-805A-C8FFE6AF4E16}"
	ProjectSection(ProjectDependencies) = postProject
		{1F71555E-8F6E-4929-B425-04E006387F07} = {1F71555E-8F6E-4929-B425-04E006387F07}
		{459481D8-85A7-47DD-86DC-FA9B05D330A3} = {459481D8-85A7-47DD-86DC-FA9B05D330A3}
	EndProjectSection
EndProject
Project("{8BC9CEB8-8B4A-11D0-8D11-00A0C91BC942}") = "mp4demux", "mp4demux\mp4demux.vcproj", "{1276D053-ABC6-4D2B-B89B-07FE401FEAD7}"
	ProjectSection(ProjectDependencies) = postProject
		{1F71555E-8F6E-4929-B425-04E006387F07} = {1F71555E-8F6E-4929-B425-04E006387F07}
		{24E97CA5-D04C-49DF-A608-70A4217575DA} = {24E97CA5-D04C-49DF-A608-70A4217575DA}
	EndProjectSection
EndProject
Project("{8BC9CEB8-8B4A-11D0-8D11-00A0C91BC942}") = "avidmx", "avidmx\avidmx.vcproj", "{1276D053-ABC6-4D2B-B89B-07FE401FEAE7}"
	ProjectSection(ProjectDependencies) = postProject
		{1F71555E-8F6E-4929-B425-04E006387F07} = {1F71555E-8F6E-4929-B425-04E006387F07}
		{24E97CA5-D04C-49DF-A608-70A4217575DA} = {24E97CA5-D04C-49DF-A608-70A4217575DA}
	EndProjectSection
EndProject
Project("{8BC9CEB8-8B4A-11D0-8D11-00A0C91BC942}") = "libDemux", "libDemux\libDemux.vcproj", "{24E97CA5-D04C-49DF-A608-70A4217575DA}"
	ProjectSection(ProjectDependencies) = postProject
		{1F71555E-8F6E-4929-B425-04E006387F07} = {1F71555E-8F6E-4929-B425-04E006387F07}
	EndProjectSection
EndProject
Project("{8BC9CEB8-8B4A-11D0-8D11-00A0C91BC942}") = "playwnd", "playwnd\playwnd.vcproj", "{11B40D66-C298-445A-84C2-5258AC51530E}"
	ProjectSection(ProjectDependencies) = postProject
		{1276D053-ABC6-4D2B-B89B-07FE401FEAD7} = {1276D053-ABC6-4D2B-B89B-07FE401FEAD7}
		{1276D053-ABC6-4D2B-B89B-07FE401FEAE7} = {1276D053-ABC6-4D2B-B89B-07FE401FEAE7}
		{1276D053-ABC6-4D2B-B89B-07FE401FEAEA} = {1276D053-ABC6-4D2B-B89B-07FE401FEAEA}
		{1276D053-ABC6-4D2B-B89B-07FE401FEAEB} = {1276D053-ABC6-4D2B-B89B-07FE401FEAEB}
		{1F71555E-8F6E-4929-B425-04E006387F07} = {1F71555E-8F6E-4929-B425-04E006387F07}
		{61171C79-4A09-4C9F-B300-507A26DC1539} = {61171C79-4A09-4C9F-B300-507A26DC1539}
	EndProjectSection
EndProject
Project("{8BC9CEB8-8B4A-11D0-8D11-00A0C91BC942}") = "ac3decfilter", "ac3decfilter\ac3decfilter.vcproj", "{1276D053-ABC6-4D2B-B89B-07FE401FEAEA}"
	ProjectSection(ProjectDependencies) = postProject
		{1F71555E-8F6E-4929-B425-04E006387F07} = {1F71555E-8F6E-4929-B425-04E006387F07}
		{A2F44FE1-0C57-4F85-8E2A-2B98AE971954} = {A2F44FE1-0C57-4F85-8E2A-2B98AE971954}
	EndProjectSection
EndProject
Project("{8BC9CEB8-8B4A-11D0-8D11-00A0C91BC942}") = "voAC3DecLib", "ac3\prj\voAC3DecLib\voAC3DecLib.vcproj", "{CCCF45C7-2B6E-42FD-A85A-58E3E3C26307}"
EndProject
Project("{8BC9CEB8-8B4A-11D0-8D11-00A0C91BC942}") = "voAC3DecTest", "ac3\prj\voAC3DecTest\voAC3DecTest\voAC3DecTest.vcproj", "{DD1BD8D1-5851-4612-ADD3-70F9949F1586}"
	ProjectSection(ProjectDependencies) = postProject
		{CCCF45C7-2B6E-42FD-A85A-58E3E3C26307} = {CCCF45C7-2B6E-42FD-A85A-58E3E3C26307}
	EndProjectSection
EndProject
Project("{8BC9CEB8-8B4A-11D0-8D11-00A0C91BC942}") = "liba52", "liba52\vc++\liba52.vcproj", "{A2F44FE1-0C57-4F85-8E2A-2B98AE971954}"
	ProjectSection(ProjectDependencies) = postProject
		{1B352C71-61DC-41D8-ABE1-964228E59C8D} = {1B352C71-61DC-41D8-ABE1-964228E59C8D}
	EndProjectSection
EndProject
Project("{8BC9CEB8-8B4A-11D0-8D11-00A0C91BC942}") = "libao", "liba52\vc++\libao.vcproj", "{1B352C71-61DC-41D8-ABE1-964228E59C8D}"
EndProject
Project("{8BC9CEB8-8B4A-11D0-8D11-00A0C91BC942}") = "a52dec", "liba52\vc++\a52dec.vcproj", "{CF79F719-346D-4638-BE7F-5F18D70A2CC1}"
	ProjectSection(ProjectDependencies) = postProject
		{1B352C71-61DC-41D8-ABE1-964228E59C8D} = {1B352C71-61DC-41D8-ABE1-964228E59C8D}
		{A2F44FE1-0C57-4F85-8E2A-2B98AE971954} = {A2F44FE1-0C57-4F85-8E2A-2B98AE971954}
	EndProjectSection
EndProject
Project("{8BC9CEB8-8B4A-11D0-8D11-00A0C91BC942}") = "libfaad2", "libfaad2\libfaad2.vcproj", "{EBF9A575-C7B8-448E-A130-F4D792C6CE93}"
EndProject
Project("{8BC9CEB8-8B4A-11D0-8D11-00A0C91BC942}") = "faad", "faad\faad.vcproj", "{2E48B9BF-998B-40C2-A0D0-C8627DCE7028}"
	ProjectSection(ProjectDependencies) = postProject
		{EBF9A575-C7B8-448E-A130-F4D792C6CE93} = {EBF9A575-C7B8-448E-A130-F4D792C6CE93}
	EndProjectSection
EndProject
Project("{8BC9CEB8-8B4A-11D0-8D11-00A0C91BC942}") = "aacdecfilter", "aacdecfilter\aacdecfilter.vcproj", "{1276D053-ABC6-4D2B-B89B-07FE401FEAEB}"
	ProjectSection(ProjectDependencies) = postProject
		{1F71555E-8F6E-4929-B425-04E006387F07} = {1F71555E-8F6E-4929-B425-04E006387F07}
		{EBF9A575-C7B8-448E-A130-F4D792C6CE93} = {EBF9A575-C7B8-448E-A130-F4D792C6CE93}
	EndProjectSection
EndProject
Global
	GlobalSection(SolutionConfigurationPlatforms) = preSolution
		Debug|DbAu13xx (MIPSII) = Debug|DbAu13xx (MIPSII)
		Debug|SDK_md (MIPSII) = Debug|SDK_md (MIPSII)
		Debug|Win32 = Debug|Win32
		Release|DbAu13xx (MIPSII) = Release|DbAu13xx (MIPSII)
		Release|SDK_md (MIPSII) = Release|SDK_md (MIPSII)
		Release|Win32 = Release|Win32
	EndGlobalSection
	GlobalSection(ProjectConfigurationPlatforms) = postSolution
		{5CBB21E4-D3DD-4F72-AA65-BAF9BA300142}.Debug|DbAu13xx (MIPSII).ActiveCfg = Debug|DbAu13xx (MIPSII)
		{5CBB21E4-D3DD-4F72-AA65-BAF9BA300142}.Debug|DbAu13xx (MIPSII).Build.0 = Debug|DbAu13xx (MIPSII)
		{5CBB21E4-D3DD-4F72-AA65-BAF9BA300142}.Debug|DbAu13xx (MIPSII).Deploy.0 = Debug|DbAu13xx (MIPSII)
		{5CBB21E4-D3DD-4F72-AA65-BAF9BA300142}.Debug|SDK_md (MIPSII).ActiveCfg = Debug|DbAu13xx (MIPSII)
		{5CBB21E4-D3DD-4F72-AA65-BAF9BA300142}.Debug|Win32.ActiveCfg = Debug|Win32
		{5CBB21E4-D3DD-4F72-AA65-BAF9BA300142}.Release|DbAu13xx (MIPSII).ActiveCfg = Release|DbAu13xx (MIPSII)
		{5CBB21E4-D3DD-4F72-AA65-BAF9BA300142}.Release|DbAu13xx (MIPSII).Build.0 = Release|DbAu13xx (MIPSII)
		{5CBB21E4-D3DD-4F72-AA65-BAF9BA300142}.Release|DbAu13xx (MIPSII).Deploy.0 = Release|DbAu13xx (MIPSII)
		{5CBB21E4-D3DD-4F72-AA65-BAF9BA300142}.Release|SDK_md (MIPSII).ActiveCfg = Release|DbAu13xx (MIPSII)
		{5CBB21E4-D3DD-4F72-AA65-BAF9BA300142}.Release|Win32.ActiveCfg = Release|Win32
		{6B464AB5-0336-4751-8874-9EA4BCAB2D7E}.Debug|DbAu13xx (MIPSII).ActiveCfg = Debug|DbAu13xx (MIPSII)
		{6B464AB5-0336-4751-8874-9EA4BCAB2D7E}.Debug|DbAu13xx (MIPSII).Build.0 = Debug|DbAu13xx (MIPSII)
		{6B464AB5-0336-4751-8874-9EA4BCAB2D7E}.Debug|DbAu13xx (MIPSII).Deploy.0 = Debug|DbAu13xx (MIPSII)
		{6B464AB5-0336-4751-8874-9EA4BCAB2D7E}.Debug|SDK_md (MIPSII).ActiveCfg = Debug|DbAu13xx (MIPSII)
		{6B464AB5-0336-4751-8874-9EA4BCAB2D7E}.Debug|Win32.ActiveCfg = Debug|Win32
		{6B464AB5-0336-4751-8874-9EA4BCAB2D7E}.Release|DbAu13xx (MIPSII).ActiveCfg = Release|DbAu13xx (MIPSII)
		{6B464AB5-0336-4751-8874-9EA4BCAB2D7E}.Release|DbAu13xx (MIPSII).Build.0 = Release|DbAu13xx (MIPSII)
		{6B464AB5-0336-4751-8874-9EA4BCAB2D7E}.Release|DbAu13xx (MIPSII).Deploy.0 = Release|DbAu13xx (MIPSII)
		{6B464AB5-0336-4751-8874-9EA4BCAB2D7E}.Release|SDK_md (MIPSII).ActiveCfg = Release|DbAu13xx (MIPSII)
		{6B464AB5-0336-4751-8874-9EA4BCAB2D7E}.Release|Win32.ActiveCfg = Release|Win32
		{1F71555E-8F6E-4929-B425-04E006387F07}.Debug|DbAu13xx (MIPSII).ActiveCfg = Debug|DbAu13xx (MIPSII)
		{1F71555E-8F6E-4929-B425-04E006387F07}.Debug|DbAu13xx (MIPSII).Build.0 = Debug|DbAu13xx (MIPSII)
		{1F71555E-8F6E-4929-B425-04E006387F07}.Debug|DbAu13xx (MIPSII).Deploy.0 = Debug|DbAu13xx (MIPSII)
		{1F71555E-8F6E-4929-B425-04E006387F07}.Debug|SDK_md (MIPSII).ActiveCfg = Debug|DbAu13xx (MIPSII)
		{1F71555E-8F6E-4929-B425-04E006387F07}.Debug|Win32.ActiveCfg = Debug|Win32
		{1F71555E-8F6E-4929-B425-04E006387F07}.Release|DbAu13xx (MIPSII).ActiveCfg = Release|DbAu13xx (MIPSII)
		{1F71555E-8F6E-4929-B425-04E006387F07}.Release|DbAu13xx (MIPSII).Build.0 = Release|DbAu13xx (MIPSII)
		{1F71555E-8F6E-4929-B425-04E006387F07}.Release|DbAu13xx (MIPSII).Deploy.0 = Release|DbAu13xx (MIPSII)
		{1F71555E-8F6E-4929-B425-04E006387F07}.Release|SDK_md (MIPSII).ActiveCfg = Release|DbAu13xx (MIPSII)
		{1F71555E-8F6E-4929-B425-04E006387F07}.Release|Win32.ActiveCfg = Release|Win32
		{61171C79-4A09-4C9F-B300-507A26DC1539}.Debug|DbAu13xx (MIPSII).ActiveCfg = Debug|DbAu13xx (MIPSII)
		{61171C79-4A09-4C9F-B300-507A26DC1539}.Debug|DbAu13xx (MIPSII).Build.0 = Debug|DbAu13xx (MIPSII)
		{61171C79-4A09-4C9F-B300-507A26DC1539}.Debug|DbAu13xx (MIPSII).Deploy.0 = Debug|DbAu13xx (MIPSII)
		{61171C79-4A09-4C9F-B300-507A26DC1539}.Debug|SDK_md (MIPSII).ActiveCfg = Debug|DbAu13xx (MIPSII)
		{61171C79-4A09-4C9F-B300-507A26DC1539}.Debug|Win32.ActiveCfg = Debug|Win32
		{61171C79-4A09-4C9F-B300-507A26DC1539}.Release|DbAu13xx (MIPSII).ActiveCfg = Release|DbAu13xx (MIPSII)
		{61171C79-4A09-4C9F-B300-507A26DC1539}.Release|DbAu13xx (MIPSII).Build.0 = Release|DbAu13xx (MIPSII)
		{61171C79-4A09-4C9F-B300-507A26DC1539}.Release|DbAu13xx (MIPSII).Deploy.0 = Release|DbAu13xx (MIPSII)
		{61171C79-4A09-4C9F-B300-507A26DC1539}.Release|SDK_md (MIPSII).ActiveCfg = Release|DbAu13xx (MIPSII)
		{61171C79-4A09-4C9F-B300-507A26DC1539}.Release|Win32.ActiveCfg = Release|Win32
		{459481D8-85A7-47DD-86DC-FA9B05D330A3}.Debug|DbAu13xx (MIPSII).ActiveCfg = Debug|DbAu13xx (MIPSII)
		{459481D8-85A7-47DD-86DC-FA9B05D330A3}.Debug|DbAu13xx (MIPSII).Build.0 = Debug|DbAu13xx (MIPSII)
		{459481D8-85A7-47DD-86DC-FA9B05D330A3}.Debug|DbAu13xx (MIPSII).Deploy.0 = Debug|DbAu13xx (MIPSII)
		{459481D8-85A7-47DD-86DC-FA9B05D330A3}.Debug|SDK_md (MIPSII).ActiveCfg = Debug|DbAu13xx (MIPSII)
		{459481D8-85A7-47DD-86DC-FA9B05D330A3}.Debug|Win32.ActiveCfg = Debug|Win32
		{459481D8-85A7-47DD-86DC-FA9B05D330A3}.Release|DbAu13xx (MIPSII).ActiveCfg = Release|DbAu13xx (MIPSII)
		{459481D8-85A7-47DD-86DC-FA9B05D330A3}.Release|DbAu13xx (MIPSII).Build.0 = Release|DbAu13xx (MIPSII)
		{459481D8-85A7-47DD-86DC-FA9B05D330A3}.Release|DbAu13xx (MIPSII).Deploy.0 = Release|DbAu13xx (MIPSII)
		{459481D8-85A7-47DD-86DC-FA9B05D330A3}.Release|SDK_md (MIPSII).ActiveCfg = Release|DbAu13xx (MIPSII)
		{459481D8-85A7-47DD-86DC-FA9B05D330A3}.Release|Win32.ActiveCfg = Release|Win32
		{AADD89BF-42ED-4CA4-805A-C8FFE6AF4E16}.Debug|DbAu13xx (MIPSII).ActiveCfg = Debug|DbAu13xx (MIPSII)
		{AADD89BF-42ED-4CA4-805A-C8FFE6AF4E16}.Debug|DbAu13xx (MIPSII).Build.0 = Debug|DbAu13xx (MIPSII)
		{AADD89BF-42ED-4CA4-805A-C8FFE6AF4E16}.Debug|DbAu13xx (MIPSII).Deploy.0 = Debug|DbAu13xx (MIPSII)
		{AADD89BF-42ED-4CA4-805A-C8FFE6AF4E16}.Debug|SDK_md (MIPSII).ActiveCfg = Debug|DbAu13xx (MIPSII)
		{AADD89BF-42ED-4CA4-805A-C8FFE6AF4E16}.Debug|Win32.ActiveCfg = Debug|Win32
		{AADD89BF-42ED-4CA4-805A-C8FFE6AF4E16}.Release|DbAu13xx (MIPSII).ActiveCfg = Release|DbAu13xx (MIPSII)
		{AADD89BF-42ED-4CA4-805A-C8FFE6AF4E16}.Release|DbAu13xx (MIPSII).Build.0 = Release|DbAu13xx (MIPSII)
		{AADD89BF-42ED-4CA4-805A-C8FFE6AF4E16}.Release|DbAu13xx (MIPSII).Deploy.0 = Release|DbAu13xx (MIPSII)
		{AADD89BF-42ED-4CA4-805A-C8FFE6AF4E16}.Release|SDK_md (MIPSII).ActiveCfg = Release|DbAu13xx (MIPSII)
		{AADD89BF-42ED-4CA4-805A-C8FFE6AF4E16}.Release|Win32.ActiveCfg = Release|Win32
		{1276D053-ABC6-4D2B-B89B-07FE401FEAD7}.Debug|DbAu13xx (MIPSII).ActiveCfg = Debug|DbAu13xx (MIPSII)
		{1276D053-ABC6-4D2B-B89B-07FE401FEAD7}.Debug|DbAu13xx (MIPSII).Build.0 = Debug|DbAu13xx (MIPSII)
		{1276D053-ABC6-4D2B-B89B-07FE401FEAD7}.Debug|DbAu13xx (MIPSII).Deploy.0 = Debug|DbAu13xx (MIPSII)
		{1276D053-ABC6-4D2B-B89B-07FE401FEAD7}.Debug|SDK_md (MIPSII).ActiveCfg = Debug|DbAu13xx (MIPSII)
		{1276D053-ABC6-4D2B-B89B-07FE401FEAD7}.Debug|Win32.ActiveCfg = Debug|Win32
		{1276D053-ABC6-4D2B-B89B-07FE401FEAD7}.Release|DbAu13xx (MIPSII).ActiveCfg = Release|DbAu13xx (MIPSII)
		{1276D053-ABC6-4D2B-B89B-07FE401FEAD7}.Release|DbAu13xx (MIPSII).Build.0 = Release|DbAu13xx (MIPSII)
		{1276D053-ABC6-4D2B-B89B-07FE401FEAD7}.Release|DbAu13xx (MIPSII).Deploy.0 = Release|DbAu13xx (MIPSII)
		{1276D053-ABC6-4D2B-B89B-07FE401FEAD7}.Release|SDK_md (MIPSII).ActiveCfg = Release|DbAu13xx (MIPSII)
		{1276D053-ABC6-4D2B-B89B-07FE401FEAD7}.Release|Win32.ActiveCfg = Release|Win32
		{1276D053-ABC6-4D2B-B89B-07FE401FEAE7}.Debug|DbAu13xx (MIPSII).ActiveCfg = Debug|DbAu13xx (MIPSII)
		{1276D053-ABC6-4D2B-B89B-07FE401FEAE7}.Debug|DbAu13xx (MIPSII).Build.0 = Debug|DbAu13xx (MIPSII)
		{1276D053-ABC6-4D2B-B89B-07FE401FEAE7}.Debug|DbAu13xx (MIPSII).Deploy.0 = Debug|DbAu13xx (MIPSII)
		{1276D053-ABC6-4D2B-B89B-07FE401FEAE7}.Debug|SDK_md (MIPSII).ActiveCfg = Debug|DbAu13xx (MIPSII)
		{1276D053-ABC6-4D2B-B89B-07FE401FEAE7}.Debug|Win32.ActiveCfg = Debug|Win32
		{1276D053-ABC6-4D2B-B89B-07FE401FEAE7}.Release|DbAu13xx (MIPSII).ActiveCfg = Release|DbAu13xx (MIPSII)
		{1276D053-ABC6-4D2B-B89B-07FE401FEAE7}.Release|DbAu13xx (MIPSII).Build.0 = Release|DbAu13xx (MIPSII)
		{1276D053-ABC6-4D2B-B89B-07FE401FEAE7}.Release|DbAu13xx (MIPSII).Deploy.0 = Release|DbAu13xx (MIPSII)
		{1276D053-ABC6-4D2B-B89B-07FE401FEAE7}.Release|SDK_md (MIPSII).ActiveCfg = Release|DbAu13xx (MIPSII)
		{1276D053-ABC6-4D2B-B89B-07FE401FEAE7}.Release|Win32.ActiveCfg = Release|Win32
		{24E97CA5-D04C-49DF-A608-70A4217575DA}.Debug|DbAu13xx (MIPSII).ActiveCfg = Debug|DbAu13xx (MIPSII)
		{24E97CA5-D04C-49DF-A608-70A4217575DA}.Debug|DbAu13xx (MIPSII).Build.0 = Debug|DbAu13xx (MIPSII)
		{24E97CA5-D04C-49DF-A608-70A4217575DA}.Debug|DbAu13xx (MIPSII).Deploy.0 = Debug|DbAu13xx (MIPSII)
		{24E97CA5-D04C-49DF-A608-70A4217575DA}.Debug|SDK_md (MIPSII).ActiveCfg = Debug|DbAu13xx (MIPSII)
		{24E97CA5-D04C-49DF-A608-70A4217575DA}.Debug|Win32.ActiveCfg = Debug|Win32
		{24E97CA5-D04C-49DF-A608-70A4217575DA}.Release|DbAu13xx (MIPSII).ActiveCfg = Release|DbAu13xx (MIPSII)
		{24E97CA5-D04C-49DF-A608-70A4217575DA}.Release|DbAu13xx (MIPSII).Build.0 = Release|DbAu13xx (MIPSII)
		{24E97CA5-D04C-49DF-A608-70A4217575DA}.Release|DbAu13xx (MIPSII).Deploy.0 = Release|DbAu13xx (MIPSII)
		{24E97CA5-D04C-49DF-A608-70A4217575DA}.Release|SDK_md (MIPSII).ActiveCfg = Release|DbAu13xx (MIPSII)
		{24E97CA5-D04C-49DF-A608-70A4217575DA}.Release|Win32.ActiveCfg = Release|Win32
		{11B40D66-C298-445A-84C2-5258AC51530E}.Debug|DbAu13xx (MIPSII).ActiveCfg = Debug|DbAu13xx (MIPSII)
		{11B40D66-C298-445A-84C2-5258AC51530E}.Debug|DbAu13xx (MIPSII).Build.0 = Debug|DbAu13xx (MIPSII)
		{11B40D66-C298-445A-84C2-5258AC51530E}.Debug|DbAu13xx (MIPSII).Deploy.0 = Debug|DbAu13xx (MIPSII)
		{11B40D66-C298-445A-84C2-5258AC51530E}.Debug|SDK_md (MIPSII).ActiveCfg = Debug|SDK_md (MIPSII)
		{11B40D66-C298-445A-84C2-5258AC51530E}.Debug|SDK_md (MIPSII).Build.0 = Debug|SDK_md (MIPSII)
		{11B40D66-C298-445A-84C2-5258AC51530E}.Debug|SDK_md (MIPSII).Deploy.0 = Debug|SDK_md (MIPSII)
		{11B40D66-C298-445A-84C2-5258AC51530E}.Debug|Win32.ActiveCfg = Debug|Win32
		{11B40D66-C298-445A-84C2-5258AC51530E}.Release|DbAu13xx (MIPSII).ActiveCfg = Release|DbAu13xx (MIPSII)
		{11B40D66-C298-445A-84C2-5258AC51530E}.Release|DbAu13xx (MIPSII).Build.0 = Release|DbAu13xx (MIPSII)
		{11B40D66-C298-445A-84C2-5258AC51530E}.Release|DbAu13xx (MIPSII).Deploy.0 = Release|DbAu13xx (MIPSII)
		{11B40D66-C298-445A-84C2-5258AC51530E}.Release|SDK_md (MIPSII).ActiveCfg = Release|SDK_md (MIPSII)
		{11B40D66-C298-445A-84C2-5258AC51530E}.Release|SDK_md (MIPSII).Build.0 = Release|SDK_md (MIPSII)
		{11B40D66-C298-445A-84C2-5258AC51530E}.Release|SDK_md (MIPSII).Deploy.0 = Release|SDK_md (MIPSII)
		{11B40D66-C298-445A-84C2-5258AC51530E}.Release|Win32.ActiveCfg = Release|Win32
		{1276D053-ABC6-4D2B-B89B-07FE401FEAEA}.Debug|DbAu13xx (MIPSII).ActiveCfg = Debug|DbAu13xx (MIPSII)
		{1276D053-ABC6-4D2B-B89B-07FE401FEAEA}.Debug|DbAu13xx (MIPSII).Build.0 = Debug|DbAu13xx (MIPSII)
		{1276D053-ABC6-4D2B-B89B-07FE401FEAEA}.Debug|DbAu13xx (MIPSII).Deploy.0 = Debug|DbAu13xx (MIPSII)
		{1276D053-ABC6-4D2B-B89B-07FE401FEAEA}.Debug|SDK_md (MIPSII).ActiveCfg = Debug|DbAu13xx (MIPSII)
		{1276D053-ABC6-4D2B-B89B-07FE401FEAEA}.Debug|Win32.ActiveCfg = Debug|Win32
		{1276D053-ABC6-4D2B-B89B-07FE401FEAEA}.Release|DbAu13xx (MIPSII).ActiveCfg = Release|DbAu13xx (MIPSII)
		{1276D053-ABC6-4D2B-B89B-07FE401FEAEA}.Release|DbAu13xx (MIPSII).Build.0 = Release|DbAu13xx (MIPSII)
		{1276D053-ABC6-4D2B-B89B-07FE401FEAEA}.Release|DbAu13xx (MIPSII).Deploy.0 = Release|DbAu13xx (MIPSII)
		{1276D053-ABC6-4D2B-B89B-07FE401FEAEA}.Release|SDK_md (MIPSII).ActiveCfg = Release|DbAu13xx (MIPSII)
		{1276D053-ABC6-4D2B-B89B-07FE401FEAEA}.Release|Win32.ActiveCfg = Release|Win32
		{CCCF45C7-2B6E-42FD-A85A-58E3E3C26307}.Debug|DbAu13xx (MIPSII).ActiveCfg = Debug|DbAu13xx (MIPSII)
		{CCCF45C7-2B6E-42FD-A85A-58E3E3C26307}.Debug|DbAu13xx (MIPSII).Build.0 = Debug|DbAu13xx (MIPSII)
		{CCCF45C7-2B6E-42FD-A85A-58E3E3C26307}.Debug|DbAu13xx (MIPSII).Deploy.0 = Debug|DbAu13xx (MIPSII)
		{CCCF45C7-2B6E-42FD-A85A-58E3E3C26307}.Debug|SDK_md (MIPSII).ActiveCfg = Debug|DbAu13xx (MIPSII)
		{CCCF45C7-2B6E-42FD-A85A-58E3E3C26307}.Debug|Win32.ActiveCfg = Debug|Win32
		{CCCF45C7-2B6E-42FD-A85A-58E3E3C26307}.Debug|Win32.Build.0 = Debug|Win32
		{CCCF45C7-2B6E-42FD-A85A-58E3E3C26307}.Release|DbAu13xx (MIPSII).ActiveCfg = Release|DbAu13xx (MIPSII)
		{CCCF45C7-2B6E-42FD-A85A-58E3E3C26307}.Release|DbAu13xx (MIPSII).Build.0 = Release|DbAu13xx (MIPSII)
		{CCCF45C7-2B6E-42FD-A85A-58E3E3C26307}.Release|DbAu13xx (MIPSII).Deploy.0 = Release|DbAu13xx (MIPSII)
		{CCCF45C7-2B6E-42FD-A85A-58E3E3C26307}.Release|SDK_md (MIPSII).ActiveCfg = Release|DbAu13xx (MIPSII)
		{CCCF45C7-2B6E-42FD-A85A-58E3E3C26307}.Release|Win32.ActiveCfg = Release|Win32
		{CCCF45C7-2B6E-42FD-A85A-58E3E3C26307}.Release|Win32.Build.0 = Release|Win32
		{DD1BD8D1-5851-4612-ADD3-70F9949F1586}.Debug|DbAu13xx (MIPSII).ActiveCfg = Debug|DbAu13xx (MIPSII)
		{DD1BD8D1-5851-4612-ADD3-70F9949F1586}.Debug|DbAu13xx (MIPSII).Build.0 = Debug|DbAu13xx (MIPSII)
		{DD1BD8D1-5851-4612-ADD3-70F9949F1586}.Debug|DbAu13xx (MIPSII).Deploy.0 = Debug|DbAu13xx (MIPSII)
		{DD1BD8D1-5851-4612-ADD3-70F9949F1586}.Debug|SDK_md (MIPSII).ActiveCfg = Debug|DbAu13xx (MIPSII)
		{DD1BD8D1-5851-4612-ADD3-70F9949F1586}.Debug|Win32.ActiveCfg = Debug|Win32
		{DD1BD8D1-5851-4612-ADD3-70F9949F1586}.Debug|Win32.Build.0 = Debug|Win32
		{DD1BD8D1-5851-4612-ADD3-70F9949F1586}.Release|DbAu13xx (MIPSII).ActiveCfg = Release|DbAu13xx (MIPSII)
		{DD1BD8D1-5851-4612-ADD3-70F9949F1586}.Release|DbAu13xx (MIPSII).Build.0 = Release|DbAu13xx (MIPSII)
		{DD1BD8D1-5851-4612-ADD3-70F9949F1586}.Release|DbAu13xx (MIPSII).Deploy.0 = Release|DbAu13xx (MIPSII)
		{DD1BD8D1-5851-4612-ADD3-70F9949F1586}.Release|SDK_md (MIPSII).ActiveCfg = Release|DbAu13xx (MIPSII)
		{DD1BD8D1-5851-4612-ADD3-70F9949F1586}.Release|Win32.ActiveCfg = Release|Win32
		{DD1BD8D1-5851-4612-ADD3-70F9949F1586}.Release|Win32.Build.0 = Release|Win32
		{A2F44FE1-0C57-4F85-8E2A-2B98AE971954}.Debug|DbAu13xx (MIPSII).ActiveCfg = Debug|DbAu13xx (MIPSII)
		{A2F44FE1-0C57-4F85-8E2A-2B98AE971954}.Debug|DbAu13xx (MIPSII).Build.0 = Debug|DbAu13xx (MIPSII)
		{A2F44FE1-0C57-4F85-8E2A-2B98AE971954}.Debug|DbAu13xx (MIPSII).Deploy.0 = Debug|DbAu13xx (MIPSII)
		{A2F44FE1-0C57-4F85-8E2A-2B98AE971954}.Debug|SDK_md (MIPSII).ActiveCfg = Debug|DbAu13xx (MIPSII)
		{A2F44FE1-0C57-4F85-8E2A-2B98AE971954}.Debug|Win32.ActiveCfg = Debug|Win32
		{A2F44FE1-0C57-4F85-8E2A-2B98AE971954}.Debug|Win32.Build.0 = Debug|Win32
		{A2F44FE1-0C57-4F85-8E2A-2B98AE971954}.Release|DbAu13xx (MIPSII).ActiveCfg = Release|DbAu13xx (MIPSII)
		{A2F44FE1-0C57-4F85-8E2A-2B98AE971954}.Release|DbAu13xx (MIPSII).Build.0 = Release|DbAu13xx (MIPSII)
		{A2F44FE1-0C57-4F85-8E2A-2B98AE971954}.Release|DbAu13xx (MIPSII).Deploy.0 = Release|DbAu13xx (MIPSII)
		{A2F44FE1-0C57-4F85-8E2A-2B98AE971954}.Release|SDK_md (MIPSII).ActiveCfg = Release|DbAu13xx (MIPSII)
		{A2F44FE1-0C57-4F85-8E2A-2B98AE971954}.Release|Win32.ActiveCfg = Release|Win32
		{A2F44FE1-0C57-4F85-8E2A-2B98AE971954}.Release|Win32.Build.0 = Release|Win32
		{1B352C71-61DC-41D8-ABE1-964228E59C8D}.Debug|DbAu13xx (MIPSII).ActiveCfg = Debug|DbAu13xx (MIPSII)
		{1B352C71-61DC-41D8-ABE1-964228E59C8D}.Debug|DbAu13xx (MIPSII).Build.0 = Debug|DbAu13xx (MIPSII)
		{1B352C71-61DC-41D8-ABE1-964228E59C8D}.Debug|DbAu13xx (MIPSII).Deploy.0 = Debug|DbAu13xx (MIPSII)
		{1B352C71-61DC-41D8-ABE1-964228E59C8D}.Debug|SDK_md (MIPSII).ActiveCfg = Debug|DbAu13xx (MIPSII)
		{1B352C71-61DC-41D8-ABE1-964228E59C8D}.Debug|Win32.ActiveCfg = Debug|Win32
		{1B352C71-61DC-41D8-ABE1-964228E59C8D}.Debug|Win32.Build.0 = Debug|Win32
		{1B352C71-61DC-41D8-ABE1-964228E59C8D}.Release|DbAu13xx (MIPSII).ActiveCfg = Release|DbAu13xx (MIPSII)
		{1B352C71-61DC-41D8-ABE1-964228E59C8D}.Release|DbAu13xx (MIPSII).Build.0 = Release|DbAu13xx (MIPSII)
		{1B352C71-61DC-41D8-ABE1-964228E59C8D}.Release|DbAu13xx (MIPSII).Deploy.0 = Release|DbAu13xx (MIPSII)
		{1B352C71-61DC-41D8-ABE1-964228E59C8D}.Release|SDK_md (MIPSII).ActiveCfg = Release|DbAu13xx (MIPSII)
		{1B352C71-61DC-41D8-ABE1-964228E59C8D}.Release|Win32.ActiveCfg = Release|Win32
		{1B352C71-61DC-41D8-ABE1-964228E59C8D}.Release|Win32.Build.0 = Release|Win32
		{CF79F719-346D-4638-BE7F-5F18D70A2CC1}.Debug|DbAu13xx (MIPSII).ActiveCfg = Debug|DbAu13xx (MIPSII)
		{CF79F719-346D-4638-BE7F-5F18D70A2CC1}.Debug|DbAu13xx (MIPSII).Build.0 = Debug|DbAu13xx (MIPSII)
		{CF79F719-346D-4638-BE7F-5F18D70A2CC1}.Debug|DbAu13xx (MIPSII).Deploy.0 = Debug|DbAu13xx (MIPSII)
		{CF79F719-346D-4638-BE7F-5F18D70A2CC1}.Debug|SDK_md (MIPSII).ActiveCfg = Debug|DbAu13xx (MIPSII)
		{CF79F719-346D-4638-BE7F-5F18D70A2CC1}.Debug|Win32.ActiveCfg = Debug|Win32
		{CF79F719-346D-4638-BE7F-5F18D70A2CC1}.Debug|Win32.Build.0 = Debug|Win32
		{CF79F719-346D-4638-BE7F-5F18D70A2CC1}.Release|DbAu13xx (MIPSII).ActiveCfg = Release|DbAu13xx (MIPSII)
		{CF79F719-346D-4638-BE7F-5F18D70A2CC1}.Release|DbAu13xx (MIPSII).Build.0 = Release|DbAu13xx (MIPSII)
		{CF79F719-346D-4638-BE7F-5F18D70A2CC1}.Release|DbAu13xx (MIPSII).Deploy.0 = Release|DbAu13xx (MIPSII)
		{CF79F719-346D-4638-BE7F-5F18D70A2CC1}.Release|SDK_md (MIPSII).ActiveCfg = Release|DbAu13xx (MIPSII)
		{CF79F719-346D-4638-BE7F-5F18D70A2CC1}.Release|Win32.ActiveCfg = Release|Win32
		{CF79F719-346D-4638-BE7F-5F18D70A2CC1}.Release|Win32.Build.0 = Release|Win32
		{EBF9A575-C7B8-448E-A130-F4D792C6CE93}.Debug|DbAu13xx (MIPSII).ActiveCfg = Debug|DbAu13xx (MIPSII)
		{EBF9A575-C7B8-448E-A130-F4D792C6CE93}.Debug|DbAu13xx (MIPSII).Build.0 = Debug|DbAu13xx (MIPSII)
		{EBF9A575-C7B8-448E-A130-F4D792C6CE93}.Debug|DbAu13xx (MIPSII).Deploy.0 = Debug|DbAu13xx (MIPSII)
		{EBF9A575-C7B8-448E-A130-F4D792C6CE93}.Debug|SDK_md (MIPSII).ActiveCfg = Debug|SDK_md (MIPSII)
		{EBF9A575-C7B8-448E-A130-F4D792C6CE93}.Debug|Win32.ActiveCfg = Debug|Win32
		{EBF9A575-C7B8-448E-A130-F4D792C6CE93}.Release|DbAu13xx (MIPSII).ActiveCfg = Release|DbAu13xx (MIPSII)
		{EBF9A575-C7B8-448E-A130-F4D792C6CE93}.Release|DbAu13xx (MIPSII).Build.0 = Release|DbAu13xx (MIPSII)
		{EBF9A575-C7B8-448E-A130-F4D792C6CE93}.Release|DbAu13xx (MIPSII).Deploy.0 = Release|DbAu13xx (MIPSII)
		{EBF9A575-C7B8-448E-A130-F4D792C6CE93}.Release|SDK_md (MIPSII).ActiveCfg = Release|SDK_md (MIPSII)
		{EBF9A575-C7B8-448E-A130-F4D792C6CE93}.Release|Win32.ActiveCfg = Release|Win32
		{2E48B9BF-998B-40C2-A0D0-C8627DCE7028}.Debug|DbAu13xx (MIPSII).ActiveCfg = Debug|DbAu13xx (MIPSII)
		{2E48B9BF-998B-40C2-A0D0-C8627DCE7028}.Debug|DbAu13xx (MIPSII).Build.0 = Debug|DbAu13xx (MIPSII)
		{2E48B9BF-998B-40C2-A0D0-C8627DCE7028}.Debug|DbAu13xx (MIPSII).Deploy.0 = Debug|DbAu13xx (MIPSII)
		{2E48B9BF-998B-40C2-A0D0-C8627DCE7028}.Debug|SDK_md (MIPSII).ActiveCfg = Debug|SDK_md (MIPSII)
		{2E48B9BF-998B-40C2-A0D0-C8627DCE7028}.Debug|Win32.ActiveCfg = Debug|Win32
		{2E48B9BF-998B-40C2-A0D0-C8627DCE7028}.Release|DbAu13xx (MIPSII).ActiveCfg = Release|DbAu13xx (MIPSII)
		{2E48B9BF-998B-40C2-A0D0-C8627DCE7028}.Release|DbAu13xx (MIPSII).Build.0 = Release|DbAu13xx (MIPSII)
		{2E48B9BF-998B-40C2-A0D0-C8627DCE7028}.Release|DbAu13xx (MIPSII).Deploy.0 = Release|DbAu13xx (MIPSII)
		{2E48B9BF-998B-40C2-A0D0-C8627DCE7028}.Release|SDK_md (MIPSII).ActiveCfg = Release|SDK_md (MIPSII)
		{2E48B9BF-998B-40C2-A0D0-C8627DCE7028}.Release|Win32.ActiveCfg = Release|Win32
		{1276D053-ABC6-4D2B-B89B-07FE401FEAEB}.Debug|DbAu13xx (MIPSII).ActiveCfg = Debug|DbAu13xx (MIPSII)
		{1276D053-ABC6-4D2B-B89B-07FE401FEAEB}.Debug|DbAu13xx (MIPSII).Build.0 = Debug|DbAu13xx (MIPSII)
		{1276D053-ABC6-4D2B-B89B-07FE401FEAEB}.Debug|DbAu13xx (MIPSII).Deploy.0 = Debug|DbAu13xx (MIPSII)
		{1276D053-ABC6-4D2B-B89B-07FE401FEAEB}.Debug|SDK_md (MIPSII).ActiveCfg = Debug|SDK_md (MIPSII)
		{1276D053-ABC6-4D2B-B89B-07FE401FEAEB}.Debug|Win32.ActiveCfg = Debug|Win32
		{1276D053-ABC6-4D2B-B89B-07FE401FEAEB}.Release|DbAu13xx (MIPSII).ActiveCfg = Release|DbAu13xx (MIPSII)
		{1276D053-ABC6-4D2B-B89B-07FE401FEAEB}.Release|DbAu13xx (MIPSII).Build.0 = Release|DbAu13xx (MIPSII)
		{1276D053-ABC6-4D2B-B89B-07FE401FEAEB}.Release|DbAu13xx (MIPSII).Deploy.0 = Release|DbAu13xx (MIPSII)
		{1276D053-ABC6-4D2B-B89B-07FE401FEAEB}.Release|SDK_md (MIPSII).ActiveCfg = Release|SDK_md (MIPSII)
		{1276D053-ABC6-4D2B-B89B-07FE401FEAEB}.Release|Win32.ActiveCfg = Release|Win32
	EndGlobalSection
	GlobalSection(SolutionProperties) = preSolution
		HideSolutionNode = FALSE
	EndGlobalSection
EndGlobal
